
Microsoft Visual Studio Solution File, Format Version 12.00
# Visual Studio 15
Project("{FAE04EC0-301F-11D3-BF4B-00C04F79EFBC}") = "Demo1", "Demo1\Demo1.csproj", "{3B6A6D4E-32E7-4E91-9C9E-24DE55569C8E}"
EndProject
Project("{FAE04EC0-301F-11D3-BF4B-00C04F79EFBC}") = "Demo2", "Demo2\Demo2.csproj", "{63A1BCFF-9A9F-4065-A5D8-BEAEB33EF9EA}"
EndProject
Project("{FAE04EC0-301F-11D3-BF4B-00C04F79EFBC}") = "Demo3", "Demo3\Demo3.csproj", "{0D2CE93A-63D0-4934-BFAE-29812D6A33A6}"
EndProject
Project("{FAE04EC0-301F-11D3-BF4B-00C04F79EFBC}") = "Demo4", "Demo4\Demo4.csproj", "{6ADED4B9-8BAC-4E5D-BEF1-4D2BD436691D}"
EndProject
Project("{FAE04EC0-301F-11D3-BF4B-00C04F79EFBC}") = "Demo5", "Demo5\Demo5.csproj", "{B72C8307-AE31-4502-8781-CE4EEF068E6C}"
EndProject
Project("{FAE04EC0-301F-11D3-BF4B-00C04F79EFBC}") = "Demo6", "Demo6\Demo6.csproj", "{EE8059C2-4006-4949-A19E-220EE938E5C1}"
EndProject
Project("{FAE04EC0-301F-11D3-BF4B-00C04F79EFBC}") = "Demo7", "Demo7\Demo7.csproj", "{72494D12-EE22-41D2-9DC2-86B5E151BABE}"
EndProject
Project("{FAE04EC0-301F-11D3-BF4B-00C04F79EFBC}") = "Demo8", "Demo8\Demo8.csproj", "{61340791-901C-41C0-A206-21D5E26B20C3}"
EndProject
Global
	GlobalSection(SolutionConfigurationPlatforms) = preSolution
		Debug|Any CPU = Debug|Any CPU
		Release|Any CPU = Release|Any CPU
	EndGlobalSection
	GlobalSection(ProjectConfigurationPlatforms) = postSolution
		{3B6A6D4E-32E7-4E91-9C9E-24DE55569C8E}.Debug|Any CPU.ActiveCfg = Debug|Any CPU
		{3B6A6D4E-32E7-4E91-9C9E-24DE55569C8E}.Debug|Any CPU.Build.0 = Debug|Any CPU
		{3B6A6D4E-32E7-4E91-9C9E-24DE55569C8E}.Release|Any CPU.ActiveCfg = Release|Any CPU
		{3B6A6D4E-32E7-4E91-9C9E-24DE55569C8E}.Release|Any CPU.Build.0 = Release|Any CPU
		{63A1BCFF-9A9F-4065-A5D8-BEAEB33EF9EA}.Debug|Any CPU.ActiveCfg = Debug|Any CPU
		{63A1BCFF-9A9F-4065-A5D8-BEAEB33EF9EA}.Debug|Any CPU.Build.0 = Debug|Any CPU
		{63A1BCFF-9A9F-4065-A5D8-BEAEB33EF9EA}.Release|Any CPU.ActiveCfg = Release|Any CPU
		{63A1BCFF-9A9F-4065-A5D8-BEAEB33EF9EA}.Release|Any CPU.Build.0 = Release|Any CPU
		{0D2CE93A-63D0-4934-BFAE-29812D6A33A6}.Debug|Any CPU.ActiveCfg = Debug|Any CPU
		{0D2CE93A-63D0-4934-BFAE-29812D6A33A6}.Debug|Any CPU.Build.0 = Debug|Any CPU
		{0D2CE93A-63D0-4934-BFAE-29812D6A33A6}.Release|Any CPU.ActiveCfg = Release|Any CPU
		{0D2CE93A-63D0-4934-BFAE-29812D6A33A6}.Release|Any CPU.Build.0 = Release|Any CPU
		{6ADED4B9-8BAC-4E5D-BEF1-4D2BD436691D}.Debug|Any CPU.ActiveCfg = Debug|Any CPU
		{6ADED4B9-8BAC-4E5D-BEF1-4D2BD436691D}.Debug|Any CPU.Build.0 = Debug|Any CPU
		{6ADED4B9-8BAC-4E5D-BEF1-4D2BD436691D}.Release|Any CPU.ActiveCfg = Release|Any CPU
		{6ADED4B9-8BAC-4E5D-BEF1-4D2BD436691D}.Release|Any CPU.Build.0 = Release|Any CPU
		{B72C8307-AE31-4502-8781-CE4EEF068E6C}.Debug|Any CPU.ActiveCfg = Debug|Any CPU
		{B72C8307-AE31-4502-8781-CE4EEF068E6C}.Debug|Any CPU.Build.0 = Debug|Any CPU
		{B72C8307-AE31-4502-8781-CE4EEF068E6C}.Release|Any CPU.ActiveCfg = Release|Any CPU
		{B72C8307-AE31-4502-8781-CE4EEF068E6C}.Release|Any CPU.Build.0 = Release|Any CPU
		{EE8059C2-4006-4949-A19E-220EE938E5C1}.Debug|Any CPU.ActiveCfg = Debug|Any CPU
		{EE8059C2-4006-4949-A19E-220EE938E5C1}.Debug|Any CPU.Build.0 = Debug|Any CPU
		{EE8059C2-4006-4949-A19E-220EE938E5C1}.Release|Any CPU.ActiveCfg = Release|Any CPU
		{EE8059C2-4006-4949-A19E-220EE938E5C1}.Release|Any CPU.Build.0 = Release|Any CPU
		{72494D12-EE22-41D2-9DC2-86B5E151BABE}.Debug|Any CPU.ActiveCfg = Debug|Any CPU
		{72494D12-EE22-41D2-9DC2-86B5E151BABE}.Debug|Any CPU.Build.0 = Debug|Any CPU
		{72494D12-EE22-41D2-9DC2-86B5E151BABE}.Release|Any CPU.ActiveCfg = Release|Any CPU
		{72494D12-EE22-41D2-9DC2-86B5E151BABE}.Release|Any CPU.Build.0 = Release|Any CPU
		{61340791-901C-41C0-A206-21D5E26B20C3}.Debug|Any CPU.ActiveCfg = Debug|Any CPU
		{61340791-901C-41C0-A206-21D5E26B20C3}.Debug|Any CPU.Build.0 = Debug|Any CPU
		{61340791-901C-41C0-A206-21D5E26B20C3}.Release|Any CPU.ActiveCfg = Release|Any CPU
		{61340791-901C-41C0-A206-21D5E26B20C3}.Release|Any CPU.Build.0 = Release|Any CPU
	EndGlobalSection
EndGlobal
